
Microsoft Visual Studio Solution File, Format Version 12.00
# Visual Studio Version 16
VisualStudioVersion = 16.0.30320.27
MinimumVisualStudioVersion = 10.0.40219.1
Project("{FAE04EC0-301F-11D3-BF4B-00C04F79EFBC}") = "PruebaGIT", "PruebaGIT\PruebaGIT.csproj", "{555CB19C-8475-494E-B55A-AA53E4A84044}"
EndProject
Global
	GlobalSection(SolutionConfigurationPlatforms) = preSolution
		Debug|Any CPU = Debug|Any CPU
		Release|Any CPU = Release|Any CPU
	EndGlobalSection
	GlobalSection(ProjectConfigurationPlatforms) = postSolution
		{555CB19C-8475-494E-B55A-AA53E4A84044}.Debug|Any CPU.ActiveCfg = Debug|Any CPU
		{555CB19C-8475-494E-B55A-AA53E4A84044}.Debug|Any CPU.Build.0 = Debug|Any CPU
		{555CB19C-8475-494E-B55A-AA53E4A84044}.Release|Any CPU.ActiveCfg = Release|Any CPU
		{555CB19C-8475-494E-B55A-AA53E4A84044}.Release|Any CPU.Build.0 = Release|Any CPU
	EndGlobalSection
	GlobalSection(SolutionProperties) = preSolution
		HideSolutionNode = FALSE
	EndGlobalSection
	GlobalSection(ExtensibilityGlobals) = postSolution
		SolutionGuid = {C2910C2B-8779-41B8-AAC3-B728E1FB80A2}
	EndGlobalSection
EndGlobal
